// !$*UTF8*$!
{
	archiveVersion = 1;
	classes = {
	};
	objectVersion = 51;
	objects = {

/* Begin PBXBuildFile section */
		04237A6724EF666F005AAE85 /* AppDelegate.swift in Sources */ = {isa = PBXBuildFile; fileRef = 04237A6624EF666F005AAE85 /* AppDelegate.swift */; };
		04237A6924EF666F005AAE85 /* SceneDelegate.swift in Sources */ = {isa = PBXBuildFile; fileRef = 04237A6824EF666F005AAE85 /* SceneDelegate.swift */; };
		04237A6D24EF6675005AAE85 /* Assets.xcassets in Resources */ = {isa = PBXBuildFile; fileRef = 04237A6C24EF6675005AAE85 /* Assets.xcassets */; };
		04237A7024EF6675005AAE85 /* Preview Assets.xcassets in Resources */ = {isa = PBXBuildFile; fileRef = 04237A6F24EF6675005AAE85 /* Preview Assets.xcassets */; };
		04237A7324EF6675005AAE85 /* LaunchScreen.storyboard in Resources */ = {isa = PBXBuildFile; fileRef = 04237A7124EF6675005AAE85 /* LaunchScreen.storyboard */; };
		04237A7E24EF6675005AAE85 /* SwfitTestProjTests.swift in Sources */ = {isa = PBXBuildFile; fileRef = 04237A7D24EF6675005AAE85 /* SwfitTestProjTests.swift */; };
		04237A8924EF6675005AAE85 /* SwfitTestProjUITests.swift in Sources */ = {isa = PBXBuildFile; fileRef = 04237A8824EF6675005AAE85 /* SwfitTestProjUITests.swift */; };
		04237A9824EF9DEB005AAE85 /* FileOpe.swift in Sources */ = {isa = PBXBuildFile; fileRef = 04237A9724EF9DEB005AAE85 /* FileOpe.swift */; };
		04237A9A24EF9EC3005AAE85 /* SentenceData.swift in Sources */ = {isa = PBXBuildFile; fileRef = 04237A9924EF9EC3005AAE85 /* SentenceData.swift */; };
		04237A9C24EFA26B005AAE85 /* TimeMgr.swift in Sources */ = {isa = PBXBuildFile; fileRef = 04237A9B24EFA26B005AAE85 /* TimeMgr.swift */; };
		04237A9E24EFA2D7005AAE85 /* UserData.swift in Sources */ = {isa = PBXBuildFile; fileRef = 04237A9D24EFA2D7005AAE85 /* UserData.swift */; };
		04237AA024EFAF68005AAE85 /* HomeView.swift in Sources */ = {isa = PBXBuildFile; fileRef = 04237A9F24EFAF68005AAE85 /* HomeView.swift */; };
		04237AA224EFBB9A005AAE85 /* ColorMgr.swift in Sources */ = {isa = PBXBuildFile; fileRef = 04237AA124EFBB9A005AAE85 /* ColorMgr.swift */; };
		04237AA424EFBC26005AAE85 /* LanguageSetView.swift in Sources */ = {isa = PBXBuildFile; fileRef = 04237AA324EFBC26005AAE85 /* LanguageSetView.swift */; };
		04237AA624EFBC5A005AAE85 /* RecordHistoryView.swift in Sources */ = {isa = PBXBuildFile; fileRef = 04237AA524EFBC5A005AAE85 /* RecordHistoryView.swift */; };
		04237AA924F0059E005AAE85 /* RecordView.swift in Sources */ = {isa = PBXBuildFile; fileRef = 04237AA824F0059E005AAE85 /* RecordView.swift */; };
		04237AAB24F00993005AAE85 /* UIMgr.swift in Sources */ = {isa = PBXBuildFile; fileRef = 04237AAA24F00993005AAE85 /* UIMgr.swift */; };
		0449599524F9FE7100A49357 /* LocalWords.strings in Resources */ = {isa = PBXBuildFile; fileRef = 0449599724F9FE7100A49357 /* LocalWords.strings */; };
		04D9641724F12D3900285E6B /* HttpMgr.swift in Sources */ = {isa = PBXBuildFile; fileRef = 04D9641624F12D3900285E6B /* HttpMgr.swift */; };
		04D9641924F14C2A00285E6B /* HttpAccessMgr.swift in Sources */ = {isa = PBXBuildFile; fileRef = 04D9641824F14C2A00285E6B /* HttpAccessMgr.swift */; };
		04D9641B24F1609900285E6B /* MyTextView.swift in Sources */ = {isa = PBXBuildFile; fileRef = 04D9641A24F1609900285E6B /* MyTextView.swift */; };
		04D990CD24F22B55000AEBF0 /* RecordDetailView.swift in Sources */ = {isa = PBXBuildFile; fileRef = 04D990CC24F22B55000AEBF0 /* RecordDetailView.swift */; };
		04D990CF24F22F79000AEBF0 /* ProtocolMgr.swift in Sources */ = {isa = PBXBuildFile; fileRef = 04D990CE24F22F79000AEBF0 /* ProtocolMgr.swift */; };
		1C57AEFAFCE1F437362D0143 /* Pods_SwfitTestProjUITests.framework in Frameworks */ = {isa = PBXBuildFile; fileRef = 004D3C5A6F822362C474417F /* Pods_SwfitTestProjUITests.framework */; };
		76284998DD239D85CED3B80F /* Pods_SwfitTestProjTests.framework in Frameworks */ = {isa = PBXBuildFile; fileRef = 886E01D8272AA8B5322547E7 /* Pods_SwfitTestProjTests.framework */; };
		876049B55DD88E5E51E558FC /* Pods_SwfitTestProj.framework in Frameworks */ = {isa = PBXBuildFile; fileRef = 7AC8254622211C59C072722B /* Pods_SwfitTestProj.framework */; };
/* End PBXBuildFile section */

/* Begin PBXContainerItemProxy section */
		04237A7A24EF6675005AAE85 /* PBXContainerItemProxy */ = {
			isa = PBXContainerItemProxy;
			containerPortal = 04237A5B24EF666F005AAE85 /* Project object */;
			proxyType = 1;
			remoteGlobalIDString = 04237A6224EF666F005AAE85;
			remoteInfo = SwfitTestProj;
		};
		04237A8524EF6675005AAE85 /* PBXContainerItemProxy */ = {
			isa = PBXContainerItemProxy;
			containerPortal = 04237A5B24EF666F005AAE85 /* Project object */;
			proxyType = 1;
			remoteGlobalIDString = 04237A6224EF666F005AAE85;
			remoteInfo = SwfitTestProj;
		};
/* End PBXContainerItemProxy section */

/* Begin PBXFileReference section */
		004D3C5A6F822362C474417F /* Pods_SwfitTestProjUITests.framework */ = {isa = PBXFileReference; explicitFileType = wrapper.framework; includeInIndex = 0; path = Pods_SwfitTestProjUITests.framework; sourceTree = BUILT_PRODUCTS_DIR; };
		04237A6324EF666F005AAE85 /* SwfitTestProj.app */ = {isa = PBXFileReference; explicitFileType = wrapper.application; includeInIndex = 0; path = SwfitTestProj.app; sourceTree = BUILT_PRODUCTS_DIR; };
		04237A6624EF666F005AAE85 /* AppDelegate.swift */ = {isa = PBXFileReference; lastKnownFileType = sourcecode.swift; path = AppDelegate.swift; sourceTree = "<group>"; };
		04237A6824EF666F005AAE85 /* SceneDelegate.swift */ = {isa = PBXFileReference; lastKnownFileType = sourcecode.swift; path = SceneDelegate.swift; sourceTree = "<group>"; };
		04237A6C24EF6675005AAE85 /* Assets.xcassets */ = {isa = PBXFileReference; lastKnownFileType = folder.assetcatalog; path = Assets.xcassets; sourceTree = "<group>"; };
		04237A6F24EF6675005AAE85 /* Preview Assets.xcassets */ = {isa = PBXFileReference; lastKnownFileType = folder.assetcatalog; path = "Preview Assets.xcassets"; sourceTree = "<group>"; };
		04237A7224EF6675005AAE85 /* Base */ = {isa = PBXFileReference; lastKnownFileType = file.storyboard; name = Base; path = Base.lproj/LaunchScreen.storyboard; sourceTree = "<group>"; };
		04237A7424EF6675005AAE85 /* Info.plist */ = {isa = PBXFileReference; lastKnownFileType = text.plist.xml; path = Info.plist; sourceTree = "<group>"; };
		04237A7924EF6675005AAE85 /* SwfitTestProjTests.xctest */ = {isa = PBXFileReference; explicitFileType = wrapper.cfbundle; includeInIndex = 0; path = SwfitTestProjTests.xctest; sourceTree = BUILT_PRODUCTS_DIR; };
		04237A7D24EF6675005AAE85 /* SwfitTestProjTests.swift */ = {isa = PBXFileReference; lastKnownFileType = sourcecode.swift; path = SwfitTestProjTests.swift; sourceTree = "<group>"; };
		04237A7F24EF6675005AAE85 /* Info.plist */ = {isa = PBXFileReference; lastKnownFileType = text.plist.xml; path = Info.plist; sourceTree = "<group>"; };
		04237A8424EF6675005AAE85 /* SwfitTestProjUITests.xctest */ = {isa = PBXFileReference; explicitFileType = wrapper.cfbundle; includeInIndex = 0; path = SwfitTestProjUITests.xctest; sourceTree = BUILT_PRODUCTS_DIR; };
		04237A8824EF6675005AAE85 /* SwfitTestProjUITests.swift */ = {isa = PBXFileReference; lastKnownFileType = sourcecode.swift; path = SwfitTestProjUITests.swift; sourceTree = "<group>"; };
		04237A8A24EF6675005AAE85 /* Info.plist */ = {isa = PBXFileReference; lastKnownFileType = text.plist.xml; path = Info.plist; sourceTree = "<group>"; };
		04237A9724EF9DEB005AAE85 /* FileOpe.swift */ = {isa = PBXFileReference; lastKnownFileType = sourcecode.swift; path = FileOpe.swift; sourceTree = "<group>"; };
		04237A9924EF9EC3005AAE85 /* SentenceData.swift */ = {isa = PBXFileReference; lastKnownFileType = sourcecode.swift; path = SentenceData.swift; sourceTree = "<group>"; };
		04237A9B24EFA26B005AAE85 /* TimeMgr.swift */ = {isa = PBXFileReference; lastKnownFileType = sourcecode.swift; path = TimeMgr.swift; sourceTree = "<group>"; };
		04237A9D24EFA2D7005AAE85 /* UserData.swift */ = {isa = PBXFileReference; lastKnownFileType = sourcecode.swift; path = UserData.swift; sourceTree = "<group>"; };
		04237A9F24EFAF68005AAE85 /* HomeView.swift */ = {isa = PBXFileReference; lastKnownFileType = sourcecode.swift; path = HomeView.swift; sourceTree = "<group>"; };
		04237AA124EFBB9A005AAE85 /* ColorMgr.swift */ = {isa = PBXFileReference; lastKnownFileType = sourcecode.swift; path = ColorMgr.swift; sourceTree = "<group>"; };
		04237AA324EFBC26005AAE85 /* LanguageSetView.swift */ = {isa = PBXFileReference; lastKnownFileType = sourcecode.swift; path = LanguageSetView.swift; sourceTree = "<group>"; };
		04237AA524EFBC5A005AAE85 /* RecordHistoryView.swift */ = {isa = PBXFileReference; lastKnownFileType = sourcecode.swift; path = RecordHistoryView.swift; sourceTree = "<group>"; };
		04237AA824F0059E005AAE85 /* RecordView.swift */ = {isa = PBXFileReference; lastKnownFileType = sourcecode.swift; path = RecordView.swift; sourceTree = "<group>"; };
		04237AAA24F00993005AAE85 /* UIMgr.swift */ = {isa = PBXFileReference; lastKnownFileType = sourcecode.swift; path = UIMgr.swift; sourceTree = "<group>"; };
		0449599624F9FE7100A49357 /* en */ = {isa = PBXFileReference; lastKnownFileType = text.plist.strings; name = en; path = en.lproj/LocalWords.strings; sourceTree = "<group>"; };
		0449599824F9FE9100A49357 /* zh-Hans */ = {isa = PBXFileReference; lastKnownFileType = text.plist.strings; name = "zh-Hans"; path = "zh-Hans.lproj/LocalWords.strings"; sourceTree = "<group>"; };
		0449599924F9FEC300A49357 /* zh-Hant */ = {isa = PBXFileReference; lastKnownFileType = text.plist.strings; name = "zh-Hant"; path = "zh-Hant.lproj/LocalWords.strings"; sourceTree = "<group>"; };
		0449599A24F9FECB00A49357 /* ja */ = {isa = PBXFileReference; lastKnownFileType = text.plist.strings; name = ja; path = ja.lproj/LocalWords.strings; sourceTree = "<group>"; };
		04D9641624F12D3900285E6B /* HttpMgr.swift */ = {isa = PBXFileReference; lastKnownFileType = sourcecode.swift; path = HttpMgr.swift; sourceTree = "<group>"; };
		04D9641824F14C2A00285E6B /* HttpAccessMgr.swift */ = {isa = PBXFileReference; lastKnownFileType = sourcecode.swift; path = HttpAccessMgr.swift; sourceTree = "<group>"; };
		04D9641A24F1609900285E6B /* MyTextView.swift */ = {isa = PBXFileReference; lastKnownFileType = sourcecode.swift; path = MyTextView.swift; sourceTree = "<group>"; };
		04D990CC24F22B55000AEBF0 /* RecordDetailView.swift */ = {isa = PBXFileReference; lastKnownFileType = sourcecode.swift; path = RecordDetailView.swift; sourceTree = "<group>"; };
		04D990CE24F22F79000AEBF0 /* ProtocolMgr.swift */ = {isa = PBXFileReference; lastKnownFileType = sourcecode.swift; path = ProtocolMgr.swift; sourceTree = "<group>"; };
		1019C07D39D6C1C4D88854B8 /* Pods-SwfitTestProj.release.xcconfig */ = {isa = PBXFileReference; includeInIndex = 1; lastKnownFileType = text.xcconfig; name = "Pods-SwfitTestProj.release.xcconfig"; path = "Target Support Files/Pods-SwfitTestProj/Pods-SwfitTestProj.release.xcconfig"; sourceTree = "<group>"; };
		305AA95CA1E0748B18D962CE /* Pods-SwfitTestProj.debug.xcconfig */ = {isa = PBXFileReference; includeInIndex = 1; lastKnownFileType = text.xcconfig; name = "Pods-SwfitTestProj.debug.xcconfig"; path = "Target Support Files/Pods-SwfitTestProj/Pods-SwfitTestProj.debug.xcconfig"; sourceTree = "<group>"; };
		52CEEF41860FA6415E07E0A3 /* Pods-SwfitTestProjUITests.debug.xcconfig */ = {isa = PBXFileReference; includeInIndex = 1; lastKnownFileType = text.xcconfig; name = "Pods-SwfitTestProjUITests.debug.xcconfig"; path = "Target Support Files/Pods-SwfitTestProjUITests/Pods-SwfitTestProjUITests.debug.xcconfig"; sourceTree = "<group>"; };
		5E4F6BAA0818093587C08F66 /* Pods-SwfitTestProjTests.debug.xcconfig */ = {isa = PBXFileReference; includeInIndex = 1; lastKnownFileType = text.xcconfig; name = "Pods-SwfitTestProjTests.debug.xcconfig"; path = "Target Support Files/Pods-SwfitTestProjTests/Pods-SwfitTestProjTests.debug.xcconfig"; sourceTree = "<group>"; };
		7AC8254622211C59C072722B /* Pods_SwfitTestProj.framework */ = {isa = PBXFileReference; explicitFileType = wrapper.framework; includeInIndex = 0; path = Pods_SwfitTestProj.framework; sourceTree = BUILT_PRODUCTS_DIR; };
		886E01D8272AA8B5322547E7 /* Pods_SwfitTestProjTests.framework */ = {isa = PBXFileReference; explicitFileType = wrapper.framework; includeInIndex = 0; path = Pods_SwfitTestProjTests.framework; sourceTree = BUILT_PRODUCTS_DIR; };
		90913FF5A410B6266E491D3D /* Pods-SwfitTestProjUITests.release.xcconfig */ = {isa = PBXFileReference; includeInIndex = 1; lastKnownFileType = text.xcconfig; name = "Pods-SwfitTestProjUITests.release.xcconfig"; path = "Target Support Files/Pods-SwfitTestProjUITests/Pods-SwfitTestProjUITests.release.xcconfig"; sourceTree = "<group>"; };
		9C42D3829496C04F7CF9A4CF /* Pods-SwfitTestProjTests.release.xcconfig */ = {isa = PBXFileReference; includeInIndex = 1; lastKnownFileType = text.xcconfig; name = "Pods-SwfitTestProjTests.release.xcconfig"; path = "Target Support Files/Pods-SwfitTestProjTests/Pods-SwfitTestProjTests.release.xcconfig"; sourceTree = "<group>"; };
/* End PBXFileReference section */

/* Begin PBXFrameworksBuildPhase section */
		04237A6024EF666F005AAE85 /* Frameworks */ = {
			isa = PBXFrameworksBuildPhase;
			buildActionMask = 2147483647;
			files = (
				876049B55DD88E5E51E558FC /* Pods_SwfitTestProj.framework in Frameworks */,
			);
			runOnlyForDeploymentPostprocessing = 0;
		};
		04237A7624EF6675005AAE85 /* Frameworks */ = {
			isa = PBXFrameworksBuildPhase;
			buildActionMask = 2147483647;
			files = (
				76284998DD239D85CED3B80F /* Pods_SwfitTestProjTests.framework in Frameworks */,
			);
			runOnlyForDeploymentPostprocessing = 0;
		};
		04237A8124EF6675005AAE85 /* Frameworks */ = {
			isa = PBXFrameworksBuildPhase;
			buildActionMask = 2147483647;
			files = (
				1C57AEFAFCE1F437362D0143 /* Pods_SwfitTestProjUITests.framework in Frameworks */,
			);
			runOnlyForDeploymentPostprocessing = 0;
		};
/* End PBXFrameworksBuildPhase section */

/* Begin PBXGroup section */
		04237A5A24EF666F005AAE85 = {
			isa = PBXGroup;
			children = (
				04237A6524EF666F005AAE85 /* SwfitTestProj */,
				04237A7C24EF6675005AAE85 /* SwfitTestProjTests */,
				04237A8724EF6675005AAE85 /* SwfitTestProjUITests */,
				04237A6424EF666F005AAE85 /* Products */,
				E54E0A3A7EE0DB2EF7E3A739 /* Pods */,
				8F71548FD568D68A2F738C5E /* Frameworks */,
			);
			sourceTree = "<group>";
		};
		04237A6424EF666F005AAE85 /* Products */ = {
			isa = PBXGroup;
			children = (
				04237A6324EF666F005AAE85 /* SwfitTestProj.app */,
				04237A7924EF6675005AAE85 /* SwfitTestProjTests.xctest */,
				04237A8424EF6675005AAE85 /* SwfitTestProjUITests.xctest */,
			);
			name = Products;
			sourceTree = "<group>";
		};
		04237A6524EF666F005AAE85 /* SwfitTestProj */ = {
			isa = PBXGroup;
			children = (
				04237AA724F00506005AAE85 /* UITool */,
				04237A9624EF9DC0005AAE85 /* Data */,
				04237A6624EF666F005AAE85 /* AppDelegate.swift */,
				04237A6824EF666F005AAE85 /* SceneDelegate.swift */,
				04237AA324EFBC26005AAE85 /* LanguageSetView.swift */,
				04237AA524EFBC5A005AAE85 /* RecordHistoryView.swift */,
				04D990CC24F22B55000AEBF0 /* RecordDetailView.swift */,
				04237A9F24EFAF68005AAE85 /* HomeView.swift */,
				04237A6C24EF6675005AAE85 /* Assets.xcassets */,
				04237A7124EF6675005AAE85 /* LaunchScreen.storyboard */,
				04237A7424EF6675005AAE85 /* Info.plist */,
				04237A6E24EF6675005AAE85 /* Preview Content */,
				0449599724F9FE7100A49357 /* LocalWords.strings */,
			);
			path = SwfitTestProj;
			sourceTree = "<group>";
		};
		04237A6E24EF6675005AAE85 /* Preview Content */ = {
			isa = PBXGroup;
			children = (
				04237A6F24EF6675005AAE85 /* Preview Assets.xcassets */,
			);
			path = "Preview Content";
			sourceTree = "<group>";
		};
		04237A7C24EF6675005AAE85 /* SwfitTestProjTests */ = {
			isa = PBXGroup;
			children = (
				04237A7D24EF6675005AAE85 /* SwfitTestProjTests.swift */,
				04237A7F24EF6675005AAE85 /* Info.plist */,
			);
			path = SwfitTestProjTests;
			sourceTree = "<group>";
		};
		04237A8724EF6675005AAE85 /* SwfitTestProjUITests */ = {
			isa = PBXGroup;
			children = (
				04237A8824EF6675005AAE85 /* SwfitTestProjUITests.swift */,
				04237A8A24EF6675005AAE85 /* Info.plist */,
			);
			path = SwfitTestProjUITests;
			sourceTree = "<group>";
		};
		04237A9624EF9DC0005AAE85 /* Data */ = {
			isa = PBXGroup;
			children = (
				04237A9724EF9DEB005AAE85 /* FileOpe.swift */,
				04D9641824F14C2A00285E6B /* HttpAccessMgr.swift */,
				04237A9924EF9EC3005AAE85 /* SentenceData.swift */,
				04237A9B24EFA26B005AAE85 /* TimeMgr.swift */,
				04237A9D24EFA2D7005AAE85 /* UserData.swift */,
				04D9641624F12D3900285E6B /* HttpMgr.swift */,
				04D990CE24F22F79000AEBF0 /* ProtocolMgr.swift */,
			);
			path = Data;
			sourceTree = "<group>";
		};
		04237AA724F00506005AAE85 /* UITool */ = {
			isa = PBXGroup;
			children = (
				04237AA124EFBB9A005AAE85 /* ColorMgr.swift */,
				04237AAA24F00993005AAE85 /* UIMgr.swift */,
				04237AA824F0059E005AAE85 /* RecordView.swift */,
				04D9641A24F1609900285E6B /* MyTextView.swift */,
			);
			path = UITool;
			sourceTree = "<group>";
		};
		8F71548FD568D68A2F738C5E /* Frameworks */ = {
			isa = PBXGroup;
			children = (
				7AC8254622211C59C072722B /* Pods_SwfitTestProj.framework */,
				886E01D8272AA8B5322547E7 /* Pods_SwfitTestProjTests.framework */,
				004D3C5A6F822362C474417F /* Pods_SwfitTestProjUITests.framework */,
			);
			name = Frameworks;
			sourceTree = "<group>";
		};
		E54E0A3A7EE0DB2EF7E3A739 /* Pods */ = {
			isa = PBXGroup;
			children = (
				305AA95CA1E0748B18D962CE /* Pods-SwfitTestProj.debug.xcconfig */,
				1019C07D39D6C1C4D88854B8 /* Pods-SwfitTestProj.release.xcconfig */,
				5E4F6BAA0818093587C08F66 /* Pods-SwfitTestProjTests.debug.xcconfig */,
				9C42D3829496C04F7CF9A4CF /* Pods-SwfitTestProjTests.release.xcconfig */,
				52CEEF41860FA6415E07E0A3 /* Pods-SwfitTestProjUITests.debug.xcconfig */,
				90913FF5A410B6266E491D3D /* Pods-SwfitTestProjUITests.release.xcconfig */,
			);
			path = Pods;
			sourceTree = "<group>";
		};
/* End PBXGroup section */

/* Begin PBXNativeTarget section */
		04237A6224EF666F005AAE85 /* SwfitTestProj */ = {
			isa = PBXNativeTarget;
			buildConfigurationList = 04237A8D24EF6675005AAE85 /* Build configuration list for PBXNativeTarget "SwfitTestProj" */;
			buildPhases = (
				C0E5267A8638DE067298D710 /* [CP] Check Pods Manifest.lock */,
				04237A5F24EF666F005AAE85 /* Sources */,
				04237A6024EF666F005AAE85 /* Frameworks */,
				04237A6124EF666F005AAE85 /* Resources */,
				EE1CDE4828A7D461FE64AF28 /* [CP] Embed Pods Frameworks */,
			);
			buildRules = (
			);
			dependencies = (
			);
			name = SwfitTestProj;
			productName = SwfitTestProj;
			productReference = 04237A6324EF666F005AAE85 /* SwfitTestProj.app */;
			productType = "com.apple.product-type.application";
		};
		04237A7824EF6675005AAE85 /* SwfitTestProjTests */ = {
			isa = PBXNativeTarget;
			buildConfigurationList = 04237A9024EF6675005AAE85 /* Build configuration list for PBXNativeTarget "SwfitTestProjTests" */;
			buildPhases = (
				623A106B79C9268EDA0B1CB8 /* [CP] Check Pods Manifest.lock */,
				04237A7524EF6675005AAE85 /* Sources */,
				04237A7624EF6675005AAE85 /* Frameworks */,
				04237A7724EF6675005AAE85 /* Resources */,
			);
			buildRules = (
			);
			dependencies = (
				04237A7B24EF6675005AAE85 /* PBXTargetDependency */,
			);
			name = SwfitTestProjTests;
			productName = SwfitTestProjTests;
			productReference = 04237A7924EF6675005AAE85 /* SwfitTestProjTests.xctest */;
			productType = "com.apple.product-type.bundle.unit-test";
		};
		04237A8324EF6675005AAE85 /* SwfitTestProjUITests */ = {
			isa = PBXNativeTarget;
			buildConfigurationList = 04237A9324EF6675005AAE85 /* Build configuration list for PBXNativeTarget "SwfitTestProjUITests" */;
			buildPhases = (
				D45225B36911E952494D6FA1 /* [CP] Check Pods Manifest.lock */,
				04237A8024EF6675005AAE85 /* Sources */,
				04237A8124EF6675005AAE85 /* Frameworks */,
				04237A8224EF6675005AAE85 /* Resources */,
			);
			buildRules = (
			);
			dependencies = (
				04237A8624EF6675005AAE85 /* PBXTargetDependency */,
			);
			name = SwfitTestProjUITests;
			productName = SwfitTestProjUITests;
			productReference = 04237A8424EF6675005AAE85 /* SwfitTestProjUITests.xctest */;
			productType = "com.apple.product-type.bundle.ui-testing";
		};
/* End PBXNativeTarget section */

/* Begin PBXProject section */
		04237A5B24EF666F005AAE85 /* Project object */ = {
			isa = PBXProject;
			attributes = {
				LastSwiftUpdateCheck = 1130;
				LastUpgradeCheck = 1130;
				ORGANIZATIONNAME = mac;
				TargetAttributes = {
					04237A6224EF666F005AAE85 = {
						CreatedOnToolsVersion = 11.3.1;
					};
					04237A7824EF6675005AAE85 = {
						CreatedOnToolsVersion = 11.3.1;
						TestTargetID = 04237A6224EF666F005AAE85;
					};
					04237A8324EF6675005AAE85 = {
						CreatedOnToolsVersion = 11.3.1;
						TestTargetID = 04237A6224EF666F005AAE85;
					};
				};
			};
			buildConfigurationList = 04237A5E24EF666F005AAE85 /* Build configuration list for PBXProject "SwfitTestProj" */;
			compatibilityVersion = "Xcode 9.3";
			developmentRegion = en;
			hasScannedForEncodings = 0;
			knownRegions = (
				en,
				Base,
				"zh-Hans",
				"zh-Hant",
				ja,
			);
			mainGroup = 04237A5A24EF666F005AAE85;
			productRefGroup = 04237A6424EF666F005AAE85 /* Products */;
			projectDirPath = "";
			projectRoot = "";
			targets = (
				04237A6224EF666F005AAE85 /* SwfitTestProj */,
				04237A7824EF6675005AAE85 /* SwfitTestProjTests */,
				04237A8324EF6675005AAE85 /* SwfitTestProjUITests */,
			);
		};
/* End PBXProject section */

/* Begin PBXResourcesBuildPhase section */
		04237A6124EF666F005AAE85 /* Resources */ = {
			isa = PBXResourcesBuildPhase;
			buildActionMask = 2147483647;
			files = (
				0449599524F9FE7100A49357 /* LocalWords.strings in Resources */,
				04237A7324EF6675005AAE85 /* LaunchScreen.storyboard in Resources */,
				04237A7024EF6675005AAE85 /* Preview Assets.xcassets in Resources */,
				04237A6D24EF6675005AAE85 /* Assets.xcassets in Resources */,
			);
			runOnlyForDeploymentPostprocessing = 0;
		};
		04237A7724EF6675005AAE85 /* Resources */ = {
			isa = PBXResourcesBuildPhase;
			buildActionMask = 2147483647;
			files = (
			);
			runOnlyForDeploymentPostprocessing = 0;
		};
		04237A8224EF6675005AAE85 /* Resources */ = {
			isa = PBXResourcesBuildPhase;
			buildActionMask = 2147483647;
			files = (
			);
			runOnlyForDeploymentPostprocessing = 0;
		};
/* End PBXResourcesBuildPhase section */

/* Begin PBXShellScriptBuildPhase section */
		623A106B79C9268EDA0B1CB8 /* [CP] Check Pods Manifest.lock */ = {
			isa = PBXShellScriptBuildPhase;
			buildActionMask = 2147483647;
			files = (
			);
			inputFileListPaths = (
			);
			inputPaths = (
				"${PODS_PODFILE_DIR_PATH}/Podfile.lock",
				"${PODS_ROOT}/Manifest.lock",
			);
			name = "[CP] Check Pods Manifest.lock";
			outputFileListPaths = (
			);
			outputPaths = (
				"$(DERIVED_FILE_DIR)/Pods-SwfitTestProjTests-checkManifestLockResult.txt",
			);
			runOnlyForDeploymentPostprocessing = 0;
			shellPath = /bin/sh;
			shellScript = "diff \"${PODS_PODFILE_DIR_PATH}/Podfile.lock\" \"${PODS_ROOT}/Manifest.lock\" > /dev/null\nif [ $? != 0 ] ; then\n    # print error to STDERR\n    echo \"error: The sandbox is not in sync with the Podfile.lock. Run 'pod install' or update your CocoaPods installation.\" >&2\n    exit 1\nfi\n# This output is used by Xcode 'outputs' to avoid re-running this script phase.\necho \"SUCCESS\" > \"${SCRIPT_OUTPUT_FILE_0}\"\n";
			showEnvVarsInLog = 0;
		};
		C0E5267A8638DE067298D710 /* [CP] Check Pods Manifest.lock */ = {
			isa = PBXShellScriptBuildPhase;
			buildActionMask = 2147483647;
			files = (
			);
			inputFileListPaths = (
			);
			inputPaths = (
				"${PODS_PODFILE_DIR_PATH}/Podfile.lock",
				"${PODS_ROOT}/Manifest.lock",
			);
			name = "[CP] Check Pods Manifest.lock";
			outputFileListPaths = (
			);
			outputPaths = (
				"$(DERIVED_FILE_DIR)/Pods-SwfitTestProj-checkManifestLockResult.txt",
			);
			runOnlyForDeploymentPostprocessing = 0;
			shellPath = /bin/sh;
			shellScript = "diff \"${PODS_PODFILE_DIR_PATH}/Podfile.lock\" \"${PODS_ROOT}/Manifest.lock\" > /dev/null\nif [ $? != 0 ] ; then\n    # print error to STDERR\n    echo \"error: The sandbox is not in sync with the Podfile.lock. Run 'pod install' or update your CocoaPods installation.\" >&2\n    exit 1\nfi\n# This output is used by Xcode 'outputs' to avoid re-running this script phase.\necho \"SUCCESS\" > \"${SCRIPT_OUTPUT_FILE_0}\"\n";
			showEnvVarsInLog = 0;
		};
		D45225B36911E952494D6FA1 /* [CP] Check Pods Manifest.lock */ = {
			isa = PBXShellScriptBuildPhase;
			buildActionMask = 2147483647;
			files = (
			);
			inputFileListPaths = (
			);
			inputPaths = (
				"${PODS_PODFILE_DIR_PATH}/Podfile.lock",
				"${PODS_ROOT}/Manifest.lock",
			);
			name = "[CP] Check Pods Manifest.lock";
			outputFileListPaths = (
			);
			outputPaths = (
				"$(DERIVED_FILE_DIR)/Pods-SwfitTestProjUITests-checkManifestLockResult.txt",
			);
			runOnlyForDeploymentPostprocessing = 0;
			shellPath = /bin/sh;
			shellScript = "diff \"${PODS_PODFILE_DIR_PATH}/Podfile.lock\" \"${PODS_ROOT}/Manifest.lock\" > /dev/null\nif [ $? != 0 ] ; then\n    # print error to STDERR\n    echo \"error: The sandbox is not in sync with the Podfile.lock. Run 'pod install' or update your CocoaPods installation.\" >&2\n    exit 1\nfi\n# This output is used by Xcode 'outputs' to avoid re-running this script phase.\necho \"SUCCESS\" > \"${SCRIPT_OUTPUT_FILE_0}\"\n";
			showEnvVarsInLog = 0;
		};
		EE1CDE4828A7D461FE64AF28 /* [CP] Embed Pods Frameworks */ = {
			isa = PBXShellScriptBuildPhase;
			buildActionMask = 2147483647;
			files = (
			);
			inputFileListPaths = (
				"${PODS_ROOT}/Target Support Files/Pods-SwfitTestProj/Pods-SwfitTestProj-frameworks-${CONFIGURATION}-input-files.xcfilelist",
			);
			name = "[CP] Embed Pods Frameworks";
			outputFileListPaths = (
				"${PODS_ROOT}/Target Support Files/Pods-SwfitTestProj/Pods-SwfitTestProj-frameworks-${CONFIGURATION}-output-files.xcfilelist",
			);
			runOnlyForDeploymentPostprocessing = 0;
			shellPath = /bin/sh;
			shellScript = "\"${PODS_ROOT}/Target Support Files/Pods-SwfitTestProj/Pods-SwfitTestProj-frameworks.sh\"\n";
			showEnvVarsInLog = 0;
		};
/* End PBXShellScriptBuildPhase section */

/* Begin PBXSourcesBuildPhase section */
		04237A5F24EF666F005AAE85 /* Sources */ = {
			isa = PBXSourcesBuildPhase;
			buildActionMask = 2147483647;
			files = (
				04237A9824EF9DEB005AAE85 /* FileOpe.swift in Sources */,
				04237AA024EFAF68005AAE85 /* HomeView.swift in Sources */,
				04D9641924F14C2A00285E6B /* HttpAccessMgr.swift in Sources */,
				04237A9C24EFA26B005AAE85 /* TimeMgr.swift in Sources */,
				04D9641B24F1609900285E6B /* MyTextView.swift in Sources */,
				04237AA924F0059E005AAE85 /* RecordView.swift in Sources */,
				04237AA424EFBC26005AAE85 /* LanguageSetView.swift in Sources */,
				04237A9E24EFA2D7005AAE85 /* UserData.swift in Sources */,
				04D9641724F12D3900285E6B /* HttpMgr.swift in Sources */,
				04237A9A24EF9EC3005AAE85 /* SentenceData.swift in Sources */,
				04237AA624EFBC5A005AAE85 /* RecordHistoryView.swift in Sources */,
				04237A6724EF666F005AAE85 /* AppDelegate.swift in Sources */,
				04D990CD24F22B55000AEBF0 /* RecordDetailView.swift in Sources */,
				04237AA224EFBB9A005AAE85 /* ColorMgr.swift in Sources */,
				04237AAB24F00993005AAE85 /* UIMgr.swift in Sources */,
				04237A6924EF666F005AAE85 /* SceneDelegate.swift in Sources */,
				04D990CF24F22F79000AEBF0 /* ProtocolMgr.swift in Sources */,
			);
			runOnlyForDeploymentPostprocessing = 0;
		};
		04237A7524EF6675005AAE85 /* Sources */ = {
			isa = PBXSourcesBuildPhase;
			buildActionMask = 2147483647;
			files = (
				04237A7E24EF6675005AAE85 /* SwfitTestProjTests.swift in Sources */,
			);
			runOnlyForDeploymentPostprocessing = 0;
		};
		04237A8024EF6675005AAE85 /* Sources */ = {
			isa = PBXSourcesBuildPhase;
			buildActionMask = 2147483647;
			files = (
				04237A8924EF6675005AAE85 /* SwfitTestProjUITests.swift in Sources */,
			);
			runOnlyForDeploymentPostprocessing = 0;
		};
/* End PBXSourcesBuildPhase section */

/* Begin PBXTargetDependency section */
		04237A7B24EF6675005AAE85 /* PBXTargetDependency */ = {
			isa = PBXTargetDependency;
			target = 04237A6224EF666F005AAE85 /* SwfitTestProj */;
			targetProxy = 04237A7A24EF6675005AAE85 /* PBXContainerItemProxy */;
		};
		04237A8624EF6675005AAE85 /* PBXTargetDependency */ = {
			isa = PBXTargetDependency;
			target = 04237A6224EF666F005AAE85 /* SwfitTestProj */;
			targetProxy = 04237A8524EF6675005AAE85 /* PBXContainerItemProxy */;
		};
/* End PBXTargetDependency section */

/* Begin PBXVariantGroup section */
		04237A7124EF6675005AAE85 /* LaunchScreen.storyboard */ = {
			isa = PBXVariantGroup;
			children = (
				04237A7224EF6675005AAE85 /* Base */,
			);
			name = LaunchScreen.storyboard;
			sourceTree = "<group>";
		};
		0449599724F9FE7100A49357 /* LocalWords.strings */ = {
			isa = PBXVariantGroup;
			children = (
				0449599624F9FE7100A49357 /* en */,
				0449599824F9FE9100A49357 /* zh-Hans */,
				0449599924F9FEC300A49357 /* zh-Hant */,
				0449599A24F9FECB00A49357 /* ja */,
			);
			name = LocalWords.strings;
			sourceTree = "<group>";
		};
/* End PBXVariantGroup section */

/* Begin XCBuildConfiguration section */
		04237A8B24EF6675005AAE85 /* Debug */ = {
			isa = XCBuildConfiguration;
			buildSettings = {
				ALWAYS_SEARCH_USER_PATHS = NO;
				CLANG_ANALYZER_LOCALIZABILITY_NONLOCALIZED = YES;
				CLANG_ANALYZER_NONNULL = YES;
				CLANG_ANALYZER_NUMBER_OBJECT_CONVERSION = YES_AGGRESSIVE;
				CLANG_CXX_LANGUAGE_STANDARD = "gnu++14";
				CLANG_CXX_LIBRARY = "libc++";
				CLANG_ENABLE_MODULES = YES;
				CLANG_ENABLE_OBJC_ARC = YES;
				CLANG_ENABLE_OBJC_WEAK = YES;
				CLANG_WARN_BLOCK_CAPTURE_AUTORELEASING = YES;
				CLANG_WARN_BOOL_CONVERSION = YES;
				CLANG_WARN_COMMA = YES;
				CLANG_WARN_CONSTANT_CONVERSION = YES;
				CLANG_WARN_DEPRECATED_OBJC_IMPLEMENTATIONS = YES;
				CLANG_WARN_DIRECT_OBJC_ISA_USAGE = YES_ERROR;
				CLANG_WARN_DOCUMENTATION_COMMENTS = YES;
				CLANG_WARN_EMPTY_BODY = YES;
				CLANG_WARN_ENUM_CONVERSION = YES;
				CLANG_WARN_INFINITE_RECURSION = YES;
				CLANG_WARN_INT_CONVERSION = YES;
				CLANG_WARN_NON_LITERAL_NULL_CONVERSION = YES;
				CLANG_WARN_OBJC_IMPLICIT_RETAIN_SELF = YES;
				CLANG_WARN_OBJC_LITERAL_CONVERSION = YES;
				CLANG_WARN_OBJC_ROOT_CLASS = YES_ERROR;
				CLANG_WARN_RANGE_LOOP_ANALYSIS = YES;
				CLANG_WARN_STRICT_PROTOTYPES = YES;
				CLANG_WARN_SUSPICIOUS_MOVE = YES;
				CLANG_WARN_UNGUARDED_AVAILABILITY = YES_AGGRESSIVE;
				CLANG_WARN_UNREACHABLE_CODE = YES;
				CLANG_WARN__DUPLICATE_METHOD_MATCH = YES;
				COPY_PHASE_STRIP = NO;
				DEBUG_INFORMATION_FORMAT = dwarf;
				ENABLE_STRICT_OBJC_MSGSEND = YES;
				ENABLE_TESTABILITY = YES;
				GCC_C_LANGUAGE_STANDARD = gnu11;
				GCC_DYNAMIC_NO_PIC = NO;
				GCC_NO_COMMON_BLOCKS = YES;
				GCC_OPTIMIZATION_LEVEL = 0;
				GCC_PREPROCESSOR_DEFINITIONS = (
					"DEBUG=1",
					"$(inherited)",
				);
				GCC_WARN_64_TO_32_BIT_CONVERSION = YES;
				GCC_WARN_ABOUT_RETURN_TYPE = YES_ERROR;
				GCC_WARN_UNDECLARED_SELECTOR = YES;
				GCC_WARN_UNINITIALIZED_AUTOS = YES_AGGRESSIVE;
				GCC_WARN_UNUSED_FUNCTION = YES;
				GCC_WARN_UNUSED_VARIABLE = YES;
				IPHONEOS_DEPLOYMENT_TARGET = 13.2;
				MTL_ENABLE_DEBUG_INFO = INCLUDE_SOURCE;
				MTL_FAST_MATH = YES;
				ONLY_ACTIVE_ARCH = YES;
				SDKROOT = iphoneos;
				SWIFT_ACTIVE_COMPILATION_CONDITIONS = DEBUG;
				SWIFT_OPTIMIZATION_LEVEL = "-Onone";
			};
			name = Debug;
		};
		04237A8C24EF6675005AAE85 /* Release */ = {
			isa = XCBuildConfiguration;
			buildSettings = {
				ALWAYS_SEARCH_USER_PATHS = NO;
				CLANG_ANALYZER_LOCALIZABILITY_NONLOCALIZED = YES;
				CLANG_ANALYZER_NONNULL = YES;
				CLANG_ANALYZER_NUMBER_OBJECT_CONVERSION = YES_AGGRESSIVE;
				CLANG_CXX_LANGUAGE_STANDARD = "gnu++14";
				CLANG_CXX_LIBRARY = "libc++";
				CLANG_ENABLE_MODULES = YES;
				CLANG_ENABLE_OBJC_ARC = YES;
				CLANG_ENABLE_OBJC_WEAK = YES;
				CLANG_WARN_BLOCK_CAPTURE_AUTORELEASING = YES;
				CLANG_WARN_BOOL_CONVERSION = YES;
				CLANG_WARN_COMMA = YES;
				CLANG_WARN_CONSTANT_CONVERSION = YES;
				CLANG_WARN_DEPRECATED_OBJC_IMPLEMENTATIONS = YES;
				CLANG_WARN_DIRECT_OBJC_ISA_USAGE = YES_ERROR;
				CLANG_WARN_DOCUMENTATION_COMMENTS = YES;
				CLANG_WARN_EMPTY_BODY = YES;
				CLANG_WARN_ENUM_CONVERSION = YES;
				CLANG_WARN_INFINITE_RECURSION = YES;
				CLANG_WARN_INT_CONVERSION = YES;
				CLANG_WARN_NON_LITERAL_NULL_CONVERSION = YES;
				CLANG_WARN_OBJC_IMPLICIT_RETAIN_SELF = YES;
				CLANG_WARN_OBJC_LITERAL_CONVERSION = YES;
				CLANG_WARN_OBJC_ROOT_CLASS = YES_ERROR;
				CLANG_WARN_RANGE_LOOP_ANALYSIS = YES;
				CLANG_WARN_STRICT_PROTOTYPES = YES;
				CLANG_WARN_SUSPICIOUS_MOVE = YES;
				CLANG_WARN_UNGUARDED_AVAILABILITY = YES_AGGRESSIVE;
				CLANG_WARN_UNREACHABLE_CODE = YES;
				CLANG_WARN__DUPLICATE_METHOD_MATCH = YES;
				COPY_PHASE_STRIP = NO;
				DEBUG_INFORMATION_FORMAT = "dwarf-with-dsym";
				ENABLE_NS_ASSERTIONS = NO;
				ENABLE_STRICT_OBJC_MSGSEND = YES;
				GCC_C_LANGUAGE_STANDARD = gnu11;
				GCC_NO_COMMON_BLOCKS = YES;
				GCC_WARN_64_TO_32_BIT_CONVERSION = YES;
				GCC_WARN_ABOUT_RETURN_TYPE = YES_ERROR;
				GCC_WARN_UNDECLARED_SELECTOR = YES;
				GCC_WARN_UNINITIALIZED_AUTOS = YES_AGGRESSIVE;
				GCC_WARN_UNUSED_FUNCTION = YES;
				GCC_WARN_UNUSED_VARIABLE = YES;
				IPHONEOS_DEPLOYMENT_TARGET = 13.2;
				MTL_ENABLE_DEBUG_INFO = NO;
				MTL_FAST_MATH = YES;
				SDKROOT = iphoneos;
				SWIFT_COMPILATION_MODE = wholemodule;
				SWIFT_OPTIMIZATION_LEVEL = "-O";
				VALIDATE_PRODUCT = YES;
			};
			name = Release;
		};
		04237A8E24EF6675005AAE85 /* Debug */ = {
			isa = XCBuildConfiguration;
			baseConfigurationReference = 305AA95CA1E0748B18D962CE /* Pods-SwfitTestProj.debug.xcconfig */;
			buildSettings = {
				ASSETCATALOG_COMPILER_APPICON_NAME = AppIcon;
				CODE_SIGN_STYLE = Automatic;
				DEVELOPMENT_ASSET_PATHS = "\"SwfitTestProj/Preview Content\"";
				DEVELOPMENT_TEAM = "";
				ENABLE_PREVIEWS = YES;
				INFOPLIST_FILE = SwfitTestProj/Info.plist;
				LD_RUNPATH_SEARCH_PATHS = (
					"$(inherited)",
					"@executable_path/Frameworks",
				);
				MARKETING_VERSION = 1.0.0;
				PRODUCT_BUNDLE_IDENTIFIER = com.xxx.testsomething;
				PRODUCT_NAME = "$(TARGET_NAME)";
				SWIFT_VERSION = 5.0;
				TARGETED_DEVICE_FAMILY = "1,2";
			};
			name = Debug;
		};
		04237A8F24EF6675005AAE85 /* Release */ = {
			isa = XCBuildConfiguration;
			baseConfigurationReference = 1019C07D39D6C1C4D88854B8 /* Pods-SwfitTestProj.release.xcconfig */;
			buildSettings = {
				ASSETCATALOG_COMPILER_APPICON_NAME = AppIcon;
				CODE_SIGN_STYLE = Automatic;
				DEVELOPMENT_ASSET_PATHS = "\"SwfitTestProj/Preview Content\"";
				DEVELOPMENT_TEAM = "";
				ENABLE_PREVIEWS = YES;
				INFOPLIST_FILE = SwfitTestProj/Info.plist;
				LD_RUNPATH_SEARCH_PATHS = (
					"$(inherited)",
					"@executable_path/Frameworks",
				);
				MARKETING_VERSION = 1.0.0;
				PRODUCT_BUNDLE_IDENTIFIER = com.xxx.testsomething;
				PRODUCT_NAME = "$(TARGET_NAME)";
				SWIFT_VERSION = 5.0;
				TARGETED_DEVICE_FAMILY = "1,2";
			};
			name = Release;
		};
		04237A9124EF6675005AAE85 /* Debug */ = {
			isa = XCBuildConfiguration;
			baseConfigurationReference = 5E4F6BAA0818093587C08F66 /* Pods-SwfitTestProjTests.debug.xcconfig */;
			buildSettings = {
				ALWAYS_EMBED_SWIFT_STANDARD_LIBRARIES = YES;
				BUNDLE_LOADER = "$(TEST_HOST)";
				CODE_SIGN_STYLE = Automatic;
				DEVELOPMENT_TEAM = X443Y8A46W;
				INFOPLIST_FILE = SwfitTestProjTests/Info.plist;
				IPHONEOS_DEPLOYMENT_TARGET = 13.2;
				LD_RUNPATH_SEARCH_PATHS = (
					"$(inherited)",
					"@executable_path/Frameworks",
					"@loader_path/Frameworks",
				);
				PRODUCT_BUNDLE_IDENTIFIER = com.xiaolonglv.donttouchit.SwfitTestProjTests;
				PRODUCT_NAME = "$(TARGET_NAME)";
				SWIFT_VERSION = 5.0;
				TARGETED_DEVICE_FAMILY = "1,2";
				TEST_HOST = "$(BUILT_PRODUCTS_DIR)/SwfitTestProj.app/SwfitTestProj";
			};
			name = Debug;
		};
		04237A9224EF6675005AAE85 /* Release */ = {
			isa = XCBuildConfiguration;
			baseConfigurationReference = 9C42D3829496C04F7CF9A4CF /* Pods-SwfitTestProjTests.release.xcconfig */;
			buildSettings = {
				ALWAYS_EMBED_SWIFT_STANDARD_LIBRARIES = YES;
				BUNDLE_LOADER = "$(TEST_HOST)";
				CODE_SIGN_STYLE = Automatic;
				DEVELOPMENT_TEAM = X443Y8A46W;
				INFOPLIST_FILE = SwfitTestProjTests/Info.plist;
				IPHONEOS_DEPLOYMENT_TARGET = 13.2;
				LD_RUNPATH_SEARCH_PATHS = (
					"$(inherited)",
					"@executable_path/Frameworks",
					"@loader_path/Frameworks",
				);
				PRODUCT_BUNDLE_IDENTIFIER = com.xiaolonglv.donttouchit.SwfitTestProjTests;
				PRODUCT_NAME = "$(TARGET_NAME)";
				SWIFT_VERSION = 5.0;
				TARGETED_DEVICE_FAMILY = "1,2";
				TEST_HOST = "$(BUILT_PRODUCTS_DIR)/SwfitTestProj.app/SwfitTestProj";
			};
			name = Release;
		};
		04237A9424EF6675005AAE85 /* Debug */ = {
			isa = XCBuildConfiguration;
			baseConfigurationReference = 52CEEF41860FA6415E07E0A3 /* Pods-SwfitTestProjUITests.debug.xcconfig */;
			buildSettings = {
				ALWAYS_EMBED_SWIFT_STANDARD_LIBRARIES = YES;
				CODE_SIGN_STYLE = Automatic;
				DEVELOPMENT_TEAM = X443Y8A46W;
				INFOPLIST_FILE = SwfitTestProjUITests/Info.plist;
				LD_RUNPATH_SEARCH_PATHS = (
					"$(inherited)",
					"@executable_path/Frameworks",
					"@loader_path/Frameworks",
				);
				PRODUCT_BUNDLE_IDENTIFIER = com.xiaolonglv.donttouchit.SwfitTestProjUITests;
				PRODUCT_NAME = "$(TARGET_NAME)";
				SWIFT_VERSION = 5.0;
				TARGETED_DEVICE_FAMILY = "1,2";
				TEST_TARGET_NAME = SwfitTestProj;
			};
			name = Debug;
		};
		04237A9524EF6675005AAE85 /* Release */ = {
			isa = XCBuildConfiguration;
			baseConfigurationReference = 90913FF5A410B6266E491D3D /* Pods-SwfitTestProjUITests.release.xcconfig */;
			buildSettings = {
				ALWAYS_EMBED_SWIFT_STANDARD_LIBRARIES = YES;
				CODE_SIGN_STYLE = Automatic;
				DEVELOPMENT_TEAM = X443Y8A46W;
				INFOPLIST_FILE = SwfitTestProjUITests/Info.plist;
				LD_RUNPATH_SEARCH_PATHS = (
					"$(inherited)",
					"@executable_path/Frameworks",
					"@loader_path/Frameworks",
				);
				PRODUCT_BUNDLE_IDENTIFIER = com.xiaolonglv.donttouchit.SwfitTestProjUITests;
				PRODUCT_NAME = "$(TARGET_NAME)";
				SWIFT_VERSION = 5.0;
				TARGETED_DEVICE_FAMILY = "1,2";
				TEST_TARGET_NAME = SwfitTestProj;
			};
			name = Release;
		};
/* End XCBuildConfiguration section */

/* Begin XCConfigurationList section */
		04237A5E24EF666F005AAE85 /* Build configuration list for PBXProject "SwfitTestProj" */ = {
			isa = XCConfigurationList;
			buildConfigurations = (
				04237A8B24EF6675005AAE85 /* Debug */,
				04237A8C24EF6675005AAE85 /* Release */,
			);
			defaultConfigurationIsVisible = 0;
			defaultConfigurationName = Release;
		};
		04237A8D24EF6675005AAE85 /* Build configuration list for PBXNativeTarget "SwfitTestProj" */ = {
			isa = XCConfigurationList;
			buildConfigurations = (
				04237A8E24EF6675005AAE85 /* Debug */,
				04237A8F24EF6675005AAE85 /* Release */,
			);
			defaultConfigurationIsVisible = 0;
			defaultConfigurationName = Release;
		};
		04237A9024EF6675005AAE85 /* Build configuration list for PBXNativeTarget "SwfitTestProjTests" */ = {
			isa = XCConfigurationList;
			buildConfigurations = (
				04237A9124EF6675005AAE85 /* Debug */,
				04237A9224EF6675005AAE85 /* Release */,
			);
			defaultConfigurationIsVisible = 0;
			defaultConfigurationName = Release;
		};
		04237A9324EF6675005AAE85 /* Build configuration list for PBXNativeTarget "SwfitTestProjUITests" */ = {
			isa = XCConfigurationList;
			buildConfigurations = (
				04237A9424EF6675005AAE85 /* Debug */,
				04237A9524EF6675005AAE85 /* Release */,
			);
			defaultConfigurationIsVisible = 0;
			defaultConfigurationName = Release;
		};
/* End XCConfigurationList section */
	};
	rootObject = 04237A5B24EF666F005AAE85 /* Project object */;
}
